
Microsoft Visual Studio Solution File, Format Version 12.00
# Visual Studio Version 17
VisualStudioVersion = 17.10.35027.167
MinimumVisualStudioVersion = 10.0.40219.1
Project("{888888A0-9F3D-457C-B088-3A5042F75D52}") = "@Doc_dela_TV_bot", "@Doc_dela_TV_bot.pyproj", "{3AC12D25-AD97-4751-9722-428ED016ADE2}"
EndProject
Global
	GlobalSection(SolutionConfigurationPlatforms) = preSolution
		Debug|Any CPU = Debug|Any CPU
		Release|Any CPU = Release|Any CPU
	EndGlobalSection
	GlobalSection(ProjectConfigurationPlatforms) = postSolution
		{3AC12D25-AD97-4751-9722-428ED016ADE2}.Debug|Any CPU.ActiveCfg = Debug|Any CPU
		{3AC12D25-AD97-4751-9722-428ED016ADE2}.Release|Any CPU.ActiveCfg = Release|Any CPU
	EndGlobalSection
	GlobalSection(SolutionProperties) = preSolution
		HideSolutionNode = FALSE
	EndGlobalSection
	GlobalSection(ExtensibilityGlobals) = postSolution
		SolutionGuid = {B3919634-B173-4A66-8FE9-49B53619659A}
	EndGlobalSection
EndGlobal
